// !$*UTF8*$!
{
	archiveVersion = 1;
	classes = {
	};
	objectVersion = 46;
	objects = {

/* Begin PBXBuildFile section */
		CD8F9C721F8A74AF00BD826C /* ObjCTestViewController.m in Sources */ = {isa = PBXBuildFile; fileRef = CD8F9C701F8A74AE00BD826C /* ObjCTestViewController.m */; };
		CD9A240B1DD5A64F00B580D0 /* AppDelegate.swift in Sources */ = {isa = PBXBuildFile; fileRef = CD9A240A1DD5A64F00B580D0 /* AppDelegate.swift */; };
		CD9A24101DD5A64F00B580D0 /* Main.storyboard in Resources */ = {isa = PBXBuildFile; fileRef = CD9A240E1DD5A64F00B580D0 /* Main.storyboard */; };
		CD9A24121DD5A64F00B580D0 /* Assets.xcassets in Resources */ = {isa = PBXBuildFile; fileRef = CD9A24111DD5A64F00B580D0 /* Assets.xcassets */; };
		CD9A24151DD5A64F00B580D0 /* LaunchScreen.storyboard in Resources */ = {isa = PBXBuildFile; fileRef = CD9A24131DD5A64F00B580D0 /* LaunchScreen.storyboard */; };
		CD9A24301DD5A76700B580D0 /* ScrollableSegmentedControl.framework in Frameworks */ = {isa = PBXBuildFile; fileRef = CD9A242D1DD5A75300B580D0 /* ScrollableSegmentedControl.framework */; };
		CD9A24311DD5A76700B580D0 /* ScrollableSegmentedControl.framework in Embed Frameworks */ = {isa = PBXBuildFile; fileRef = CD9A242D1DD5A75300B580D0 /* ScrollableSegmentedControl.framework */; settings = {ATTRIBUTES = (CodeSignOnCopy, RemoveHeadersOnCopy, ); }; };
		CDDF9BD21DD5A7D4000B09AF /* TableViewController.swift in Sources */ = {isa = PBXBuildFile; fileRef = CDDF9BD11DD5A7D4000B09AF /* TableViewController.swift */; };
/* End PBXBuildFile section */

/* Begin PBXContainerItemProxy section */
		CD9A242C1DD5A75300B580D0 /* PBXContainerItemProxy */ = {
			isa = PBXContainerItemProxy;
			containerPortal = CD9A24271DD5A75300B580D0 /* ScrollableSegmentedControl.xcodeproj */;
			proxyType = 2;
			remoteGlobalIDString = CD078D9D1DD4B5B30083F53F;
			remoteInfo = ScrollableSegmentedControl;
		};
		CD9A242E1DD5A75300B580D0 /* PBXContainerItemProxy */ = {
			isa = PBXContainerItemProxy;
			containerPortal = CD9A24271DD5A75300B580D0 /* ScrollableSegmentedControl.xcodeproj */;
			proxyType = 2;
			remoteGlobalIDString = CD078DA61DD4B5B30083F53F;
			remoteInfo = ScrollableSegmentedControlTests;
		};
		CD9A24321DD5A76700B580D0 /* PBXContainerItemProxy */ = {
			isa = PBXContainerItemProxy;
			containerPortal = CD9A24271DD5A75300B580D0 /* ScrollableSegmentedControl.xcodeproj */;
			proxyType = 1;
			remoteGlobalIDString = CD078D9C1DD4B5B30083F53F;
			remoteInfo = ScrollableSegmentedControl;
		};
/* End PBXContainerItemProxy section */

/* Begin PBXCopyFilesBuildPhase section */
		CD9A24341DD5A76700B580D0 /* Embed Frameworks */ = {
			isa = PBXCopyFilesBuildPhase;
			buildActionMask = 2147483647;
			dstPath = "";
			dstSubfolderSpec = 10;
			files = (
				CD9A24311DD5A76700B580D0 /* ScrollableSegmentedControl.framework in Embed Frameworks */,
			);
			name = "Embed Frameworks";
			runOnlyForDeploymentPostprocessing = 0;
		};
/* End PBXCopyFilesBuildPhase section */

/* Begin PBXFileReference section */
		CD8F9C6B1F8A748C00BD826C /* ScrollableSegmentedControlDemo-Bridging-Header.h */ = {isa = PBXFileReference; lastKnownFileType = sourcecode.c.h; path = "ScrollableSegmentedControlDemo-Bridging-Header.h"; sourceTree = "<group>"; };
		CD8F9C701F8A74AE00BD826C /* ObjCTestViewController.m */ = {isa = PBXFileReference; fileEncoding = 4; lastKnownFileType = sourcecode.c.objc; path = ObjCTestViewController.m; sourceTree = "<group>"; };
		CD8F9C711F8A74AF00BD826C /* ObjCTestViewController.h */ = {isa = PBXFileReference; fileEncoding = 4; lastKnownFileType = sourcecode.c.h; path = ObjCTestViewController.h; sourceTree = "<group>"; };
		CD9A24071DD5A64F00B580D0 /* ScrollableSegmentedControlDemo.app */ = {isa = PBXFileReference; explicitFileType = wrapper.application; includeInIndex = 0; path = ScrollableSegmentedControlDemo.app; sourceTree = BUILT_PRODUCTS_DIR; };
		CD9A240A1DD5A64F00B580D0 /* AppDelegate.swift */ = {isa = PBXFileReference; lastKnownFileType = sourcecode.swift; path = AppDelegate.swift; sourceTree = "<group>"; };
		CD9A240F1DD5A64F00B580D0 /* Base */ = {isa = PBXFileReference; lastKnownFileType = file.storyboard; name = Base; path = Base.lproj/Main.storyboard; sourceTree = "<group>"; };
		CD9A24111DD5A64F00B580D0 /* Assets.xcassets */ = {isa = PBXFileReference; lastKnownFileType = folder.assetcatalog; path = Assets.xcassets; sourceTree = "<group>"; };
		CD9A24141DD5A64F00B580D0 /* Base */ = {isa = PBXFileReference; lastKnownFileType = file.storyboard; name = Base; path = Base.lproj/LaunchScreen.storyboard; sourceTree = "<group>"; };
		CD9A24161DD5A64F00B580D0 /* Info.plist */ = {isa = PBXFileReference; lastKnownFileType = text.plist.xml; path = Info.plist; sourceTree = "<group>"; };
		CD9A24271DD5A75300B580D0 /* ScrollableSegmentedControl.xcodeproj */ = {isa = PBXFileReference; lastKnownFileType = "wrapper.pb-project"; name = ScrollableSegmentedControl.xcodeproj; path = ../../ScrollableSegmentedControl.xcodeproj; sourceTree = "<group>"; };
		CDDF9BD11DD5A7D4000B09AF /* TableViewController.swift */ = {isa = PBXFileReference; fileEncoding = 4; lastKnownFileType = sourcecode.swift; path = TableViewController.swift; sourceTree = "<group>"; };
/* End PBXFileReference section */

/* Begin PBXFrameworksBuildPhase section */
		CD9A24041DD5A64F00B580D0 /* Frameworks */ = {
			isa = PBXFrameworksBuildPhase;
			buildActionMask = 2147483647;
			files = (
				CD9A24301DD5A76700B580D0 /* ScrollableSegmentedControl.framework in Frameworks */,
			);
			runOnlyForDeploymentPostprocessing = 0;
		};
/* End PBXFrameworksBuildPhase section */

/* Begin PBXGroup section */
		CD9A23FE1DD5A64F00B580D0 = {
			isa = PBXGroup;
			children = (
				CD9A24271DD5A75300B580D0 /* ScrollableSegmentedControl.xcodeproj */,
				CD9A24091DD5A64F00B580D0 /* ScrollableSegmentedControlDemo */,
				CD9A24081DD5A64F00B580D0 /* Products */,
			);
			sourceTree = "<group>";
		};
		CD9A24081DD5A64F00B580D0 /* Products */ = {
			isa = PBXGroup;
			children = (
				CD9A24071DD5A64F00B580D0 /* ScrollableSegmentedControlDemo.app */,
			);
			name = Products;
			sourceTree = "<group>";
		};
		CD9A24091DD5A64F00B580D0 /* ScrollableSegmentedControlDemo */ = {
			isa = PBXGroup;
			children = (
				CD9A240A1DD5A64F00B580D0 /* AppDelegate.swift */,
				CDDF9BD11DD5A7D4000B09AF /* TableViewController.swift */,
				CD9A240E1DD5A64F00B580D0 /* Main.storyboard */,
				CD9A24111DD5A64F00B580D0 /* Assets.xcassets */,
				CD9A24131DD5A64F00B580D0 /* LaunchScreen.storyboard */,
				CD9A24161DD5A64F00B580D0 /* Info.plist */,
				CD8F9C6B1F8A748C00BD826C /* ScrollableSegmentedControlDemo-Bridging-Header.h */,
				CD8F9C711F8A74AF00BD826C /* ObjCTestViewController.h */,
				CD8F9C701F8A74AE00BD826C /* ObjCTestViewController.m */,
			);
			path = ScrollableSegmentedControlDemo;
			sourceTree = "<group>";
		};
		CD9A24281DD5A75300B580D0 /* Products */ = {
			isa = PBXGroup;
			children = (
				CD9A242D1DD5A75300B580D0 /* ScrollableSegmentedControl.framework */,
				CD9A242F1DD5A75300B580D0 /* ScrollableSegmentedControlTests.xctest */,
			);
			name = Products;
			sourceTree = "<group>";
		};
/* End PBXGroup section */

/* Begin PBXNativeTarget section */
		CD9A24061DD5A64F00B580D0 /* ScrollableSegmentedControlDemo */ = {
			isa = PBXNativeTarget;
			buildConfigurationList = CD9A24191DD5A64F00B580D0 /* Build configuration list for PBXNativeTarget "ScrollableSegmentedControlDemo" */;
			buildPhases = (
				CD9A24031DD5A64F00B580D0 /* Sources */,
				CD9A24041DD5A64F00B580D0 /* Frameworks */,
				CD9A24051DD5A64F00B580D0 /* Resources */,
				CD9A24341DD5A76700B580D0 /* Embed Frameworks */,
			);
			buildRules = (
			);
			dependencies = (
				CD9A24331DD5A76700B580D0 /* PBXTargetDependency */,
			);
			name = ScrollableSegmentedControlDemo;
			productName = ScrollableSegmentedControlDemo;
			productReference = CD9A24071DD5A64F00B580D0 /* ScrollableSegmentedControlDemo.app */;
			productType = "com.apple.product-type.application";
		};
/* End PBXNativeTarget section */

/* Begin PBXProject section */
		CD9A23FF1DD5A64F00B580D0 /* Project object */ = {
			isa = PBXProject;
			attributes = {
				LastSwiftUpdateCheck = 0800;
				LastUpgradeCheck = 1020;
				ORGANIZATIONNAME = Pomarium;
				TargetAttributes = {
					CD9A24061DD5A64F00B580D0 = {
						CreatedOnToolsVersion = 8.0;
						LastSwiftMigration = 1020;
						ProvisioningStyle = Automatic;
					};
				};
			};
			buildConfigurationList = CD9A24021DD5A64F00B580D0 /* Build configuration list for PBXProject "ScrollableSegmentedControlDemo" */;
			compatibilityVersion = "Xcode 3.2";
			developmentRegion = en;
			hasScannedForEncodings = 0;
			knownRegions = (
				en,
				Base,
			);
			mainGroup = CD9A23FE1DD5A64F00B580D0;
			productRefGroup = CD9A24081DD5A64F00B580D0 /* Products */;
			projectDirPath = "";
			projectReferences = (
				{
					ProductGroup = CD9A24281DD5A75300B580D0 /* Products */;
					ProjectRef = CD9A24271DD5A75300B580D0 /* ScrollableSegmentedControl.xcodeproj */;
				},
			);
			projectRoot = "";
			targets = (
				CD9A24061DD5A64F00B580D0 /* ScrollableSegmentedControlDemo */,
			);
		};
/* End PBXProject section */

/* Begin PBXReferenceProxy section */
		CD9A242D1DD5A75300B580D0 /* ScrollableSegmentedControl.framework */ = {
			isa = PBXReferenceProxy;
			fileType = wrapper.framework;
			path = ScrollableSegmentedControl.framework;
			remoteRef = CD9A242C1DD5A75300B580D0 /* PBXContainerItemProxy */;
			sourceTree = BUILT_PRODUCTS_DIR;
		};
		CD9A242F1DD5A75300B580D0 /* ScrollableSegmentedControlTests.xctest */ = {
			isa = PBXReferenceProxy;
			fileType = wrapper.cfbundle;
			path = ScrollableSegmentedControlTests.xctest;
			remoteRef = CD9A242E1DD5A75300B580D0 /* PBXContainerItemProxy */;
			sourceTree = BUILT_PRODUCTS_DIR;
		};
/* End PBXReferenceProxy section */

/* Begin PBXResourcesBuildPhase section */
		CD9A24051DD5A64F00B580D0 /* Resources */ = {
			isa = PBXResourcesBuildPhase;
			buildActionMask = 2147483647;
			files = (
				CD9A24151DD5A64F00B580D0 /* LaunchScreen.storyboard in Resources */,
				CD9A24121DD5A64F00B580D0 /* Assets.xcassets in Resources */,
				CD9A24101DD5A64F00B580D0 /* Main.storyboard in Resources */,
			);
			runOnlyForDeploymentPostprocessing = 0;
		};
/* End PBXResourcesBuildPhase section */

/* Begin PBXSourcesBuildPhase section */
		CD9A24031DD5A64F00B580D0 /* Sources */ = {
			isa = PBXSourcesBuildPhase;
			buildActionMask = 2147483647;
			files = (
				CD8F9C721F8A74AF00BD826C /* ObjCTestViewController.m in Sources */,
				CDDF9BD21DD5A7D4000B09AF /* TableViewController.swift in Sources */,
				CD9A240B1DD5A64F00B580D0 /* AppDelegate.swift in Sources */,
			);
			runOnlyForDeploymentPostprocessing = 0;
		};
/* End PBXSourcesBuildPhase section */

/* Begin PBXTargetDependency section */
		CD9A24331DD5A76700B580D0 /* PBXTargetDependency */ = {
			isa = PBXTargetDependency;
			name = ScrollableSegmentedControl;
			targetProxy = CD9A24321DD5A76700B580D0 /* PBXContainerItemProxy */;
		};
/* End PBXTargetDependency section */

/* Begin PBXVariantGroup section */
		CD9A240E1DD5A64F00B580D0 /* Main.storyboard */ = {
			isa = PBXVariantGroup;
			children = (
				CD9A240F1DD5A64F00B580D0 /* Base */,
			);
			name = Main.storyboard;
			sourceTree = "<group>";
		};
		CD9A24131DD5A64F00B580D0 /* LaunchScreen.storyboard */ = {
			isa = PBXVariantGroup;
			children = (
				CD9A24141DD5A64F00B580D0 /* Base */,
			);
			name = LaunchScreen.storyboard;
			sourceTree = "<group>";
		};
/* End PBXVariantGroup section */

/* Begin XCBuildConfiguration section */
		CD9A24171DD5A64F00B580D0 /* Debug */ = {
			isa = XCBuildConfiguration;
			buildSettings = {
				ALWAYS_SEARCH_USER_PATHS = NO;
				CLANG_ANALYZER_LOCALIZABILITY_NONLOCALIZED = YES;
				CLANG_ANALYZER_NONNULL = YES;
				CLANG_CXX_LANGUAGE_STANDARD = "gnu++0x";
				CLANG_CXX_LIBRARY = "libc++";
				CLANG_ENABLE_MODULES = YES;
				CLANG_ENABLE_OBJC_ARC = YES;
				CLANG_WARN_BLOCK_CAPTURE_AUTORELEASING = YES;
				CLANG_WARN_BOOL_CONVERSION = YES;
				CLANG_WARN_COMMA = YES;
				CLANG_WARN_CONSTANT_CONVERSION = YES;
				CLANG_WARN_DEPRECATED_OBJC_IMPLEMENTATIONS = YES;
				CLANG_WARN_DIRECT_OBJC_ISA_USAGE = YES_ERROR;
				CLANG_WARN_DOCUMENTATION_COMMENTS = YES;
				CLANG_WARN_EMPTY_BODY = YES;
				CLANG_WARN_ENUM_CONVERSION = YES;
				CLANG_WARN_INFINITE_RECURSION = YES;
				CLANG_WARN_INT_CONVERSION = YES;
				CLANG_WARN_NON_LITERAL_NULL_CONVERSION = YES;
				CLANG_WARN_OBJC_IMPLICIT_RETAIN_SELF = YES;
				CLANG_WARN_OBJC_LITERAL_CONVERSION = YES;
				CLANG_WARN_OBJC_ROOT_CLASS = YES_ERROR;
				CLANG_WARN_RANGE_LOOP_ANALYSIS = YES;
				CLANG_WARN_STRICT_PROTOTYPES = YES;
				CLANG_WARN_SUSPICIOUS_MOVE = YES;
				CLANG_WARN_SUSPICIOUS_MOVES = YES;
				CLANG_WARN_UNREACHABLE_CODE = YES;
				CLANG_WARN__DUPLICATE_METHOD_MATCH = YES;
				"CODE_SIGN_IDENTITY[sdk=iphoneos*]" = "iPhone Developer";
				COPY_PHASE_STRIP = NO;
				DEBUG_INFORMATION_FORMAT = dwarf;
				ENABLE_STRICT_OBJC_MSGSEND = YES;
				ENABLE_TESTABILITY = YES;
				GCC_C_LANGUAGE_STANDARD = gnu99;
				GCC_DYNAMIC_NO_PIC = NO;
				GCC_NO_COMMON_BLOCKS = YES;
				GCC_OPTIMIZATION_LEVEL = 0;
				GCC_PREPROCESSOR_DEFINITIONS = (
					"DEBUG=1",
					"$(inherited)",
				);
				GCC_WARN_64_TO_32_BIT_CONVERSION = YES;
				GCC_WARN_ABOUT_RETURN_TYPE = YES_ERROR;
				GCC_WARN_UNDECLARED_SELECTOR = YES;
				GCC_WARN_UNINITIALIZED_AUTOS = YES_AGGRESSIVE;
				GCC_WARN_UNUSED_FUNCTION = YES;
				GCC_WARN_UNUSED_VARIABLE = YES;
				IPHONEOS_DEPLOYMENT_TARGET = 9.0;
				MTL_ENABLE_DEBUG_INFO = YES;
				ONLY_ACTIVE_ARCH = YES;
				SDKROOT = iphoneos;
				SWIFT_ACTIVE_COMPILATION_CONDITIONS = DEBUG;
				SWIFT_OPTIMIZATION_LEVEL = "-Onone";
			};
			name = Debug;
		};
		CD9A24181DD5A64F00B580D0 /* Release */ = {
			isa = XCBuildConfiguration;
			buildSettings = {
				ALWAYS_SEARCH_USER_PATHS = NO;
				CLANG_ANALYZER_LOCALIZABILITY_NONLOCALIZED = YES;
				CLANG_ANALYZER_NONNULL = YES;
				CLANG_CXX_LANGUAGE_STANDARD = "gnu++0x";
				CLANG_CXX_LIBRARY = "libc++";
				CLANG_ENABLE_MODULES = YES;
				CLANG_ENABLE_OBJC_ARC = YES;
				CLANG_WARN_BLOCK_CAPTURE_AUTORELEASING = YES;
				CLANG_WARN_BOOL_CONVERSION = YES;
				CLANG_WARN_COMMA = YES;
				CLANG_WARN_CONSTANT_CONVERSION = YES;
				CLANG_WARN_DEPRECATED_OBJC_IMPLEMENTATIONS = YES;
				CLANG_WARN_DIRECT_OBJC_ISA_USAGE = YES_ERROR;
				CLANG_WARN_DOCUMENTATION_COMMENTS = YES;
				CLANG_WARN_EMPTY_BODY = YES;
				CLANG_WARN_ENUM_CONVERSION = YES;
				CLANG_WARN_INFINITE_RECURSION = YES;
				CLANG_WARN_INT_CONVERSION = YES;
				CLANG_WARN_NON_LITERAL_NULL_CONVERSION = YES;
				CLANG_WARN_OBJC_IMPLICIT_RETAIN_SELF = YES;
				CLANG_WARN_OBJC_LITERAL_CONVERSION = YES;
				CLANG_WARN_OBJC_ROOT_CLASS = YES_ERROR;
				CLANG_WARN_RANGE_LOOP_ANALYSIS = YES;
				CLANG_WARN_STRICT_PROTOTYPES = YES;
				CLANG_WARN_SUSPICIOUS_MOVE = YES;
				CLANG_WARN_SUSPICIOUS_MOVES = YES;
				CLANG_WARN_UNREACHABLE_CODE = YES;
				CLANG_WARN__DUPLICATE_METHOD_MATCH = YES;
				"CODE_SIGN_IDENTITY[sdk=iphoneos*]" = "iPhone Developer";
				COPY_PHASE_STRIP = NO;
				DEBUG_INFORMATION_FORMAT = "dwarf-with-dsym";
				ENABLE_NS_ASSERTIONS = NO;
				ENABLE_STRICT_OBJC_MSGSEND = YES;
				GCC_C_LANGUAGE_STANDARD = gnu99;
				GCC_NO_COMMON_BLOCKS = YES;
				GCC_WARN_64_TO_32_BIT_CONVERSION = YES;
				GCC_WARN_ABOUT_RETURN_TYPE = YES_ERROR;
				GCC_WARN_UNDECLARED_SELECTOR = YES;
				GCC_WARN_UNINITIALIZED_AUTOS = YES_AGGRESSIVE;
				GCC_WARN_UNUSED_FUNCTION = YES;
				GCC_WARN_UNUSED_VARIABLE = YES;
				IPHONEOS_DEPLOYMENT_TARGET = 9.0;
				MTL_ENABLE_DEBUG_INFO = NO;
				SDKROOT = iphoneos;
				SWIFT_OPTIMIZATION_LEVEL = "-Owholemodule";
				VALIDATE_PRODUCT = YES;
			};
			name = Release;
		};
		CD9A241A1DD5A64F00B580D0 /* Debug */ = {
			isa = XCBuildConfiguration;
			buildSettings = {
				ALWAYS_EMBED_SWIFT_STANDARD_LIBRARIES = YES;
				ASSETCATALOG_COMPILER_APPICON_NAME = AppIcon;
				CLANG_ENABLE_MODULES = YES;
				INFOPLIST_FILE = ScrollableSegmentedControlDemo/Info.plist;
				LD_RUNPATH_SEARCH_PATHS = "$(inherited) @executable_path/Frameworks";
				PRODUCT_BUNDLE_IDENTIFIER = au.com.pomarium.ScrollableSegmentedControlDemo;
				PRODUCT_NAME = "$(TARGET_NAME)";
				SWIFT_OBJC_BRIDGING_HEADER = "ScrollableSegmentedControlDemo/ScrollableSegmentedControlDemo-Bridging-Header.h";
				SWIFT_OPTIMIZATION_LEVEL = "-Onone";
				SWIFT_VERSION = 5.0;
			};
			name = Debug;
		};
		CD9A241B1DD5A64F00B580D0 /* Release */ = {
			isa = XCBuildConfiguration;
			buildSettings = {
				ALWAYS_EMBED_SWIFT_STANDARD_LIBRARIES = YES;
				ASSETCATALOG_COMPILER_APPICON_NAME = AppIcon;
				CLANG_ENABLE_MODULES = YES;
				INFOPLIST_FILE = ScrollableSegmentedControlDemo/Info.plist;
				LD_RUNPATH_SEARCH_PATHS = "$(inherited) @executable_path/Frameworks";
				PRODUCT_BUNDLE_IDENTIFIER = au.com.pomarium.ScrollableSegmentedControlDemo;
				PRODUCT_NAME = "$(TARGET_NAME)";
				SWIFT_OBJC_BRIDGING_HEADER = "ScrollableSegmentedControlDemo/ScrollableSegmentedControlDemo-Bridging-Header.h";
				SWIFT_VERSION = 5.0;
			};
			name = Release;
		};
/* End XCBuildConfiguration section */

/* Begin XCConfigurationList section */
		CD9A24021DD5A64F00B580D0 /* Build configuration list for PBXProject "ScrollableSegmentedControlDemo" */ = {
			isa = XCConfigurationList;
			buildConfigurations = (
				CD9A24171DD5A64F00B580D0 /* Debug */,
				CD9A24181DD5A64F00B580D0 /* Release */,
			);
			defaultConfigurationIsVisible = 0;
			defaultConfigurationName = Release;
		};
		CD9A24191DD5A64F00B580D0 /* Build configuration list for PBXNativeTarget "ScrollableSegmentedControlDemo" */ = {
			isa = XCConfigurationList;
			buildConfigurations = (
				CD9A241A1DD5A64F00B580D0 /* Debug */,
				CD9A241B1DD5A64F00B580D0 /* Release */,
			);
			defaultConfigurationIsVisible = 0;
			defaultConfigurationName = Release;
		};
/* End XCConfigurationList section */
	};
	rootObject = CD9A23FF1DD5A64F00B580D0 /* Project object */;
}
